
Microsoft Visual Studio Solution File, Format Version 12.00
# Visual Studio Version 17
VisualStudioVersion = 17.14.36414.22 d17.14
MinimumVisualStudioVersion = 10.0.40219.1
Project("{8BC9CEB8-8B4A-11D0-8D11-00A0C91BC942}") = "ListaDwukierunkowa", "ListaDwukierunkowa.vcxproj", "{0A1FC641-95B5-40B6-8E22-5EA2B878FA4B}"
EndProject
Global
	GlobalSection(SolutionConfigurationPlatforms) = preSolution
		Debug|x64 = Debug|x64
		Debug|x86 = Debug|x86
		Release|x64 = Release|x64
		Release|x86 = Release|x86
	EndGlobalSection
	GlobalSection(ProjectConfigurationPlatforms) = postSolution
		{0A1FC641-95B5-40B6-8E22-5EA2B878FA4B}.Debug|x64.ActiveCfg = Debug|x64
		{0A1FC641-95B5-40B6-8E22-5EA2B878FA4B}.Debug|x64.Build.0 = Debug|x64
		{0A1FC641-95B5-40B6-8E22-5EA2B878FA4B}.Debug|x86.ActiveCfg = Debug|Win32
		{0A1FC641-95B5-40B6-8E22-5EA2B878FA4B}.Debug|x86.Build.0 = Debug|Win32
		{0A1FC641-95B5-40B6-8E22-5EA2B878FA4B}.Release|x64.ActiveCfg = Release|x64
		{0A1FC641-95B5-40B6-8E22-5EA2B878FA4B}.Release|x64.Build.0 = Release|x64
		{0A1FC641-95B5-40B6-8E22-5EA2B878FA4B}.Release|x86.ActiveCfg = Release|Win32
		{0A1FC641-95B5-40B6-8E22-5EA2B878FA4B}.Release|x86.Build.0 = Release|Win32
	EndGlobalSection
	GlobalSection(SolutionProperties) = preSolution
		HideSolutionNode = FALSE
	EndGlobalSection
	GlobalSection(ExtensibilityGlobals) = postSolution
		SolutionGuid = {FF0C0465-89BE-4B30-AEF7-59D0D0F1A286}
	EndGlobalSection
EndGlobal
